<?xml version="1.0" encoding="utf-8"?>
<Project ToolsVersion="4.0" xmlns="http://schemas.microsoft.com/developer/msbuild/2003">
  <ItemGroup>
    <Filter Include="Source Files">
      <UniqueIdentifier>{4FC737F1-C7A5-4376-A066-2A32D752A2FF}</UniqueIdentifier>
      <Extensions>cpp;c;cc;cxx;def;odl;idl;hpj;bat;asm;asmx</Extensions>
    </Filter>
    <Filter Include="Header Files">
      <UniqueIdentifier>{93995380-89BD-4b04-88EB-625FBE52EBFB}</UniqueIdentifier>
      <Extensions>h;hh;hpp;hxx;hm;inl;inc;xsd</Extensions>
    </Filter>
    <Filter Include="Resource Files">
      <UniqueIdentifier>{67DA6AB6-F800-4c08-8B7A-83BB121AAD01}</UniqueIdentifier>
      <Extensions>rc;ico;cur;bmp;dlg;rc2;rct;bin;rgs;gif;jpg;jpeg;jpe;resx;tiff;tif;png;wav</Extensions>
    </Filter>
    <Filter Include="Header Files\View">
      <UniqueIdentifier>{c344f380-c841-4985-a646-eb9e691e933e}</UniqueIdentifier>
    </Filter>
    <Filter Include="Header Files\Controller">
      <UniqueIdentifier>{4442ece0-d312-4750-bfba-10bafee91052}</UniqueIdentifier>
    </Filter>
    <Filter Include="Header Files\Model">
      <UniqueIdentifier>{5246ecdd-7e9d-4303-9d8b-7ced441474dc}</UniqueIdentifier>
    </Filter>
    <Filter Include="Source Files\Controller">
      <UniqueIdentifier>{14cf2eaf-26ea-4580-a0f9-a6b3cf82e374}</UniqueIdentifier>
    </Filter>
    <Filter Include="Source Files\Model">
      <UniqueIdentifier>{bc6fea8a-b8a5-490d-8507-99708f5eb935}</UniqueIdentifier>
    </Filter>
    <Filter Include="Source Files\View">
      <UniqueIdentifier>{ff9c33ed-254b-4995-bb46-661f461dd822}</UniqueIdentifier>
    </Filter>
    <Filter Include="Header Files\Controller\Fuzzy">
      <UniqueIdentifier>{d9167f39-db73-4e0c-acf4-eba844613218}</UniqueIdentifier>
    </Filter>
    <Filter Include="Source Files\Controller\Fuzzy">
      <UniqueIdentifier>{11900b0f-bf61-4fbc-903a-32af1ca342e8}</UniqueIdentifier>
    </Filter>
    <Filter Include="Header Files\Controller\Exceptions">
      <UniqueIdentifier>{4f424599-a96c-42f3-8945-867fd1d2af53}</UniqueIdentifier>
    </Filter>
    <Filter Include="Source Files\Controller\Exceptions">
      <UniqueIdentifier>{25b5a2e8-aab5-4a12-beb1-9116cdb4193d}</UniqueIdentifier>
    </Filter>
  </ItemGroup>
  <ItemGroup>
    <ClCompile Include="main.cpp">
      <Filter>Source Files</Filter>
    </ClCompile>
    <ClCompile Include="Controller.cpp">
      <Filter>Source Files\Controller</Filter>
    </ClCompile>
    <ClCompile Include="Model.cpp">
      <Filter>Source Files\Model</Filter>
    </ClCompile>
    <ClCompile Include="View.cpp">
      <Filter>Source Files\View</Filter>
    </ClCompile>
    <ClCompile Include="ViewCamera.cpp">
      <Filter>Source Files\View</Filter>
    </ClCompile>
    <ClCompile Include="ViewCar.cpp">
      <Filter>Source Files\View</Filter>
    </ClCompile>
    <ClCompile Include="ViewSegment.cpp">
      <Filter>Source Files\View</Filter>
    </ClCompile>
    <ClCompile Include="ViewTrack.cpp">
      <Filter>Source Files\View</Filter>
    </ClCompile>
    <ClCompile Include="fuzzy.cpp">
      <Filter>Source Files\Controller\Fuzzy</Filter>
    </ClCompile>
    <ClCompile Include="FuzzySet.cpp">
      <Filter>Source Files\Controller\Fuzzy</Filter>
    </ClCompile>
    <ClCompile Include="FileInputException.cpp">
      <Filter>Source Files\Controller\Exceptions</Filter>
    </ClCompile>
    <ClCompile Include="Parser.cpp">
      <Filter>Source Files\Controller</Filter>
    </ClCompile>
    <ClCompile Include="FuzzyRules.cpp">
      <Filter>Source Files\Controller\Fuzzy</Filter>
    </ClCompile>
    <ClCompile Include="Feature.cpp">
      <Filter>Source Files\Controller\Fuzzy</Filter>
    </ClCompile>
  </ItemGroup>
  <ItemGroup>
    <ClInclude Include="Controller.h">
      <Filter>Header Files\Controller</Filter>
    </ClInclude>
    <ClInclude Include="Model.h">
      <Filter>Header Files\Model</Filter>
    </ClInclude>
    <ClInclude Include="Textures.h">
      <Filter>Header Files\View</Filter>
    </ClInclude>
    <ClInclude Include="View.h">
      <Filter>Header Files\View</Filter>
    </ClInclude>
    <ClInclude Include="ViewCamera.h">
      <Filter>Header Files\View</Filter>
    </ClInclude>
    <ClInclude Include="ViewCar.h">
      <Filter>Header Files\View</Filter>
    </ClInclude>
    <ClInclude Include="ViewSegment.h">
      <Filter>Header Files\View</Filter>
    </ClInclude>
    <ClInclude Include="ViewTrack.h">
      <Filter>Header Files\View</Filter>
    </ClInclude>
    <ClInclude Include="FuzzySet.h">
      <Filter>Header Files\Controller\Fuzzy</Filter>
    </ClInclude>
    <ClInclude Include="fuzzy.h">
      <Filter>Header Files\Controller\Fuzzy</Filter>
    </ClInclude>
    <ClInclude Include="Feature.h">
      <Filter>Header Files\Controller\Fuzzy</Filter>
    </ClInclude>
    <ClInclude Include="FuzzyRules.h">
      <Filter>Header Files\Controller\Fuzzy</Filter>
    </ClInclude>
    <ClInclude Include="Parser.h">
      <Filter>Header Files\Controller</Filter>
    </ClInclude>
    <ClInclude Include="FileInputException.h">
      <Filter>Header Files\Controller\Exceptions</Filter>
    </ClInclude>
  </ItemGroup>
</Project>